
Microsoft Visual Studio Solution File, Format Version 12.00
# Visual Studio Version 17
VisualStudioVersion = 17.3.32929.385
MinimumVisualStudioVersion = 10.0.40219.1
Project("{FAE04EC0-301F-11D3-BF4B-00C04F79EFBC}") = "MicrosfotWikiCrawlerConsole", "MicrosoftWikiCrawlerConsole\MicrosfotWikiCrawlerConsole.csproj", "{10122886-5DB9-4D04-A936-814F09E25E5F}"
EndProject
Global
	GlobalSection(SolutionConfigurationPlatforms) = preSolution
		Debug|Any CPU = Debug|Any CPU
		Release|Any CPU = Release|Any CPU
	EndGlobalSection
	GlobalSection(ProjectConfigurationPlatforms) = postSolution
		{10122886-5DB9-4D04-A936-814F09E25E5F}.Debug|Any CPU.ActiveCfg = Debug|Any CPU
		{10122886-5DB9-4D04-A936-814F09E25E5F}.Debug|Any CPU.Build.0 = Debug|Any CPU
		{10122886-5DB9-4D04-A936-814F09E25E5F}.Release|Any CPU.ActiveCfg = Release|Any CPU
		{10122886-5DB9-4D04-A936-814F09E25E5F}.Release|Any CPU.Build.0 = Release|Any CPU
	EndGlobalSection
	GlobalSection(SolutionProperties) = preSolution
		HideSolutionNode = FALSE
	EndGlobalSection
	GlobalSection(ExtensibilityGlobals) = postSolution
		SolutionGuid = {CC80F21F-BFE6-4975-BF06-974A2B374D04}
	EndGlobalSection
EndGlobal
